
Microsoft Visual Studio Solution File, Format Version 12.00
# Visual Studio Version 17
VisualStudioVersion = 17.1.32414.318
MinimumVisualStudioVersion = 10.0.40219.1
Project("{FAE04EC0-301F-11D3-BF4B-00C04F79EFBC}") = "DelegateDemo", "DelegateDemo\DelegateDemo.csproj", "{E17BF81B-73F5-4850-96CC-573333A0B309}"
EndProject
Project("{FAE04EC0-301F-11D3-BF4B-00C04F79EFBC}") = "EventsDemo", "EventsDemo\EventsDemo.csproj", "{4559CEC8-7751-4F73-A256-6DFACE3D7AB3}"
EndProject
Project("{FAE04EC0-301F-11D3-BF4B-00C04F79EFBC}") = "HashTableDemo", "HashTableDemo\HashTableDemo.csproj", "{BCF58148-86E6-4175-86FE-969C570F09C0}"
EndProject
Project("{FAE04EC0-301F-11D3-BF4B-00C04F79EFBC}") = "BinarySearchTree", "BinarySearchTree\BinarySearchTree.csproj", "{7E0A2F0A-3090-42F6-B527-2564607427E9}"
EndProject
Global
	GlobalSection(SolutionConfigurationPlatforms) = preSolution
		Debug|Any CPU = Debug|Any CPU
		Release|Any CPU = Release|Any CPU
	EndGlobalSection
	GlobalSection(ProjectConfigurationPlatforms) = postSolution
		{E17BF81B-73F5-4850-96CC-573333A0B309}.Debug|Any CPU.ActiveCfg = Debug|Any CPU
		{E17BF81B-73F5-4850-96CC-573333A0B309}.Debug|Any CPU.Build.0 = Debug|Any CPU
		{E17BF81B-73F5-4850-96CC-573333A0B309}.Release|Any CPU.ActiveCfg = Release|Any CPU
		{E17BF81B-73F5-4850-96CC-573333A0B309}.Release|Any CPU.Build.0 = Release|Any CPU
		{4559CEC8-7751-4F73-A256-6DFACE3D7AB3}.Debug|Any CPU.ActiveCfg = Debug|Any CPU
		{4559CEC8-7751-4F73-A256-6DFACE3D7AB3}.Debug|Any CPU.Build.0 = Debug|Any CPU
		{4559CEC8-7751-4F73-A256-6DFACE3D7AB3}.Release|Any CPU.ActiveCfg = Release|Any CPU
		{4559CEC8-7751-4F73-A256-6DFACE3D7AB3}.Release|Any CPU.Build.0 = Release|Any CPU
		{BCF58148-86E6-4175-86FE-969C570F09C0}.Debug|Any CPU.ActiveCfg = Debug|Any CPU
		{BCF58148-86E6-4175-86FE-969C570F09C0}.Debug|Any CPU.Build.0 = Debug|Any CPU
		{BCF58148-86E6-4175-86FE-969C570F09C0}.Release|Any CPU.ActiveCfg = Release|Any CPU
		{BCF58148-86E6-4175-86FE-969C570F09C0}.Release|Any CPU.Build.0 = Release|Any CPU
		{7E0A2F0A-3090-42F6-B527-2564607427E9}.Debug|Any CPU.ActiveCfg = Debug|Any CPU
		{7E0A2F0A-3090-42F6-B527-2564607427E9}.Debug|Any CPU.Build.0 = Debug|Any CPU
		{7E0A2F0A-3090-42F6-B527-2564607427E9}.Release|Any CPU.ActiveCfg = Release|Any CPU
		{7E0A2F0A-3090-42F6-B527-2564607427E9}.Release|Any CPU.Build.0 = Release|Any CPU
	EndGlobalSection
	GlobalSection(SolutionProperties) = preSolution
		HideSolutionNode = FALSE
	EndGlobalSection
	GlobalSection(ExtensibilityGlobals) = postSolution
		SolutionGuid = {68410292-B4F1-4510-9D71-717E20F68BDA}
	EndGlobalSection
EndGlobal
